
Microsoft Visual Studio Solution File, Format Version 12.00
# Visual Studio Version 16
VisualStudioVersion = 16.0.30114.105
MinimumVisualStudioVersion = 10.0.40219.1
Project("{FAE04EC0-301F-11D3-BF4B-00C04F79EFBC}") = "GraphqlExperiment", "src\GraphqlExperiment\GraphqlExperiment.csproj", "{D49184D5-335E-4B05-B5DE-5AF9D952206B}"
EndProject
Project("{2150E333-8FDC-42A3-9474-1A3956D46DE8}") = "misc", "misc", "{BDACB901-280A-4835-9969-1911D0FBBB42}"
	ProjectSection(SolutionItems) = preProject
		.gitignore = .gitignore
	EndProjectSection
EndProject
Global
	GlobalSection(SolutionConfigurationPlatforms) = preSolution
		Debug|Any CPU = Debug|Any CPU
		Release|Any CPU = Release|Any CPU
	EndGlobalSection
	GlobalSection(SolutionProperties) = preSolution
		HideSolutionNode = FALSE
	EndGlobalSection
	GlobalSection(ProjectConfigurationPlatforms) = postSolution
		{D49184D5-335E-4B05-B5DE-5AF9D952206B}.Debug|Any CPU.ActiveCfg = Debug|Any CPU
		{D49184D5-335E-4B05-B5DE-5AF9D952206B}.Debug|Any CPU.Build.0 = Debug|Any CPU
		{D49184D5-335E-4B05-B5DE-5AF9D952206B}.Release|Any CPU.ActiveCfg = Release|Any CPU
		{D49184D5-335E-4B05-B5DE-5AF9D952206B}.Release|Any CPU.Build.0 = Release|Any CPU
	EndGlobalSection
	GlobalSection(NestedProjects) = preSolution
	EndGlobalSection
EndGlobal
